// !$*UTF8*$!
{
	archiveVersion = 1;
	classes = {
	};
	objectVersion = 50;
	objects = {

/* Begin PBXBuildFile section */
		6249FDE4A485B6B6C7E0A25F /* Pods_StartRxSwift.framework in Frameworks */ = {isa = PBXBuildFile; fileRef = 02CB424ACC7B7C2353991D1A /* Pods_StartRxSwift.framework */; };
		E54D575221BBC163002EB891 /* AppDelegate.swift in Sources */ = {isa = PBXBuildFile; fileRef = E54D575121BBC163002EB891 /* AppDelegate.swift */; };
		E54D575421BBC163002EB891 /* MasterViewController.swift in Sources */ = {isa = PBXBuildFile; fileRef = E54D575321BBC163002EB891 /* MasterViewController.swift */; };
		E54D575721BBC163002EB891 /* Main.storyboard in Resources */ = {isa = PBXBuildFile; fileRef = E54D575521BBC163002EB891 /* Main.storyboard */; };
		E54D575921BBC165002EB891 /* Assets.xcassets in Resources */ = {isa = PBXBuildFile; fileRef = E54D575821BBC165002EB891 /* Assets.xcassets */; };
		E54D575C21BBC165002EB891 /* LaunchScreen.storyboard in Resources */ = {isa = PBXBuildFile; fileRef = E54D575A21BBC165002EB891 /* LaunchScreen.storyboard */; };
		E5F6EDC821BBE73E00FE6539 /* DetailViewController.swift in Sources */ = {isa = PBXBuildFile; fileRef = E5F6EDC721BBE73E00FE6539 /* DetailViewController.swift */; };
/* End PBXBuildFile section */

/* Begin PBXFileReference section */
		02CB424ACC7B7C2353991D1A /* Pods_StartRxSwift.framework */ = {isa = PBXFileReference; explicitFileType = wrapper.framework; includeInIndex = 0; path = Pods_StartRxSwift.framework; sourceTree = BUILT_PRODUCTS_DIR; };
		0EFE566EF2EAD7A4D02F4D80 /* Pods-StartRxSwift.debug.xcconfig */ = {isa = PBXFileReference; includeInIndex = 1; lastKnownFileType = text.xcconfig; name = "Pods-StartRxSwift.debug.xcconfig"; path = "Pods/Target Support Files/Pods-StartRxSwift/Pods-StartRxSwift.debug.xcconfig"; sourceTree = "<group>"; };
		E54D574E21BBC163002EB891 /* StartRxSwift.app */ = {isa = PBXFileReference; explicitFileType = wrapper.application; includeInIndex = 0; path = StartRxSwift.app; sourceTree = BUILT_PRODUCTS_DIR; };
		E54D575121BBC163002EB891 /* AppDelegate.swift */ = {isa = PBXFileReference; lastKnownFileType = sourcecode.swift; path = AppDelegate.swift; sourceTree = "<group>"; };
		E54D575321BBC163002EB891 /* MasterViewController.swift */ = {isa = PBXFileReference; lastKnownFileType = sourcecode.swift; path = MasterViewController.swift; sourceTree = "<group>"; };
		E54D575621BBC163002EB891 /* Base */ = {isa = PBXFileReference; lastKnownFileType = file.storyboard; name = Base; path = Base.lproj/Main.storyboard; sourceTree = "<group>"; };
		E54D575821BBC165002EB891 /* Assets.xcassets */ = {isa = PBXFileReference; lastKnownFileType = folder.assetcatalog; path = Assets.xcassets; sourceTree = "<group>"; };
		E54D575B21BBC165002EB891 /* Base */ = {isa = PBXFileReference; lastKnownFileType = file.storyboard; name = Base; path = Base.lproj/LaunchScreen.storyboard; sourceTree = "<group>"; };
		E54D575D21BBC165002EB891 /* Info.plist */ = {isa = PBXFileReference; lastKnownFileType = text.plist.xml; path = Info.plist; sourceTree = "<group>"; };
		E5F6EDC721BBE73E00FE6539 /* DetailViewController.swift */ = {isa = PBXFileReference; lastKnownFileType = sourcecode.swift; path = DetailViewController.swift; sourceTree = "<group>"; };
		E86BB70228EA177D4D935F89 /* Pods-StartRxSwift.release.xcconfig */ = {isa = PBXFileReference; includeInIndex = 1; lastKnownFileType = text.xcconfig; name = "Pods-StartRxSwift.release.xcconfig"; path = "Pods/Target Support Files/Pods-StartRxSwift/Pods-StartRxSwift.release.xcconfig"; sourceTree = "<group>"; };
/* End PBXFileReference section */

/* Begin PBXFrameworksBuildPhase section */
		E54D574B21BBC163002EB891 /* Frameworks */ = {
			isa = PBXFrameworksBuildPhase;
			buildActionMask = 2147483647;
			files = (
				6249FDE4A485B6B6C7E0A25F /* Pods_StartRxSwift.framework in Frameworks */,
			);
			runOnlyForDeploymentPostprocessing = 0;
		};
/* End PBXFrameworksBuildPhase section */

/* Begin PBXGroup section */
		02792F3174DAB5136B46EE88 /* Pods */ = {
			isa = PBXGroup;
			children = (
				0EFE566EF2EAD7A4D02F4D80 /* Pods-StartRxSwift.debug.xcconfig */,
				E86BB70228EA177D4D935F89 /* Pods-StartRxSwift.release.xcconfig */,
			);
			name = Pods;
			sourceTree = "<group>";
		};
		E54D574521BBC163002EB891 = {
			isa = PBXGroup;
			children = (
				E54D575021BBC163002EB891 /* StartRxSwift */,
				E54D574F21BBC163002EB891 /* Products */,
				02792F3174DAB5136B46EE88 /* Pods */,
				F8FAA416D2301941624A7C65 /* Frameworks */,
			);
			sourceTree = "<group>";
		};
		E54D574F21BBC163002EB891 /* Products */ = {
			isa = PBXGroup;
			children = (
				E54D574E21BBC163002EB891 /* StartRxSwift.app */,
			);
			name = Products;
			sourceTree = "<group>";
		};
		E54D575021BBC163002EB891 /* StartRxSwift */ = {
			isa = PBXGroup;
			children = (
				E54D575121BBC163002EB891 /* AppDelegate.swift */,
				E54D575321BBC163002EB891 /* MasterViewController.swift */,
				E54D575521BBC163002EB891 /* Main.storyboard */,
				E54D575821BBC165002EB891 /* Assets.xcassets */,
				E54D575A21BBC165002EB891 /* LaunchScreen.storyboard */,
				E54D575D21BBC165002EB891 /* Info.plist */,
				E5F6EDC721BBE73E00FE6539 /* DetailViewController.swift */,
			);
			path = StartRxSwift;
			sourceTree = "<group>";
		};
		F8FAA416D2301941624A7C65 /* Frameworks */ = {
			isa = PBXGroup;
			children = (
				02CB424ACC7B7C2353991D1A /* Pods_StartRxSwift.framework */,
			);
			name = Frameworks;
			sourceTree = "<group>";
		};
/* End PBXGroup section */

/* Begin PBXNativeTarget section */
		E54D574D21BBC163002EB891 /* StartRxSwift */ = {
			isa = PBXNativeTarget;
			buildConfigurationList = E54D576021BBC165002EB891 /* Build configuration list for PBXNativeTarget "StartRxSwift" */;
			buildPhases = (
				581DA4CF0B558D58F469EA4A /* [CP] Check Pods Manifest.lock */,
				E54D574A21BBC163002EB891 /* Sources */,
				E54D574B21BBC163002EB891 /* Frameworks */,
				E54D574C21BBC163002EB891 /* Resources */,
				FC6C3D9E75FFD44C8244192B /* [CP] Embed Pods Frameworks */,
			);
			buildRules = (
			);
			dependencies = (
			);
			name = StartRxSwift;
			productName = StartRxSwift;
			productReference = E54D574E21BBC163002EB891 /* StartRxSwift.app */;
			productType = "com.apple.product-type.application";
		};
/* End PBXNativeTarget section */

/* Begin PBXProject section */
		E54D574621BBC163002EB891 /* Project object */ = {
			isa = PBXProject;
			attributes = {
				LastSwiftUpdateCheck = 1010;
				LastUpgradeCheck = 1010;
				ORGANIZATIONNAME = kazuy;
				TargetAttributes = {
					E54D574D21BBC163002EB891 = {
						CreatedOnToolsVersion = 10.1;
					};
				};
			};
			buildConfigurationList = E54D574921BBC163002EB891 /* Build configuration list for PBXProject "StartRxSwift" */;
			compatibilityVersion = "Xcode 9.3";
			developmentRegion = en;
			hasScannedForEncodings = 0;
			knownRegions = (
				en,
				Base,
			);
			mainGroup = E54D574521BBC163002EB891;
			productRefGroup = E54D574F21BBC163002EB891 /* Products */;
			projectDirPath = "";
			projectRoot = "";
			targets = (
				E54D574D21BBC163002EB891 /* StartRxSwift */,
			);
		};
/* End PBXProject section */

/* Begin PBXResourcesBuildPhase section */
		E54D574C21BBC163002EB891 /* Resources */ = {
			isa = PBXResourcesBuildPhase;
			buildActionMask = 2147483647;
			files = (
				E54D575C21BBC165002EB891 /* LaunchScreen.storyboard in Resources */,
				E54D575921BBC165002EB891 /* Assets.xcassets in Resources */,
				E54D575721BBC163002EB891 /* Main.storyboard in Resources */,
			);
			runOnlyForDeploymentPostprocessing = 0;
		};
/* End PBXResourcesBuildPhase section */

/* Begin PBXShellScriptBuildPhase section */
		581DA4CF0B558D58F469EA4A /* [CP] Check Pods Manifest.lock */ = {
			isa = PBXShellScriptBuildPhase;
			buildActionMask = 2147483647;
			files = (
			);
			inputFileListPaths = (
			);
			inputPaths = (
				"${PODS_PODFILE_DIR_PATH}/Podfile.lock",
				"${PODS_ROOT}/Manifest.lock",
			);
			name = "[CP] Check Pods Manifest.lock";
			outputFileListPaths = (
			);
			outputPaths = (
				"$(DERIVED_FILE_DIR)/Pods-StartRxSwift-checkManifestLockResult.txt",
			);
			runOnlyForDeploymentPostprocessing = 0;
			shellPath = /bin/sh;
			shellScript = "diff \"${PODS_PODFILE_DIR_PATH}/Podfile.lock\" \"${PODS_ROOT}/Manifest.lock\" > /dev/null\nif [ $? != 0 ] ; then\n    # print error to STDERR\n    echo \"error: The sandbox is not in sync with the Podfile.lock. Run 'pod install' or update your CocoaPods installation.\" >&2\n    exit 1\nfi\n# This output is used by Xcode 'outputs' to avoid re-running this script phase.\necho \"SUCCESS\" > \"${SCRIPT_OUTPUT_FILE_0}\"\n";
			showEnvVarsInLog = 0;
		};
		FC6C3D9E75FFD44C8244192B /* [CP] Embed Pods Frameworks */ = {
			isa = PBXShellScriptBuildPhase;
			buildActionMask = 2147483647;
			files = (
			);
			inputFileListPaths = (
			);
			inputPaths = (
				"${SRCROOT}/Pods/Target Support Files/Pods-StartRxSwift/Pods-StartRxSwift-frameworks.sh",
				"${BUILT_PRODUCTS_DIR}/RxAtomic/RxAtomic.framework",
				"${BUILT_PRODUCTS_DIR}/RxCocoa/RxCocoa.framework",
				"${BUILT_PRODUCTS_DIR}/RxSwift/RxSwift.framework",
			);
			name = "[CP] Embed Pods Frameworks";
			outputFileListPaths = (
			);
			outputPaths = (
				"${TARGET_BUILD_DIR}/${FRAMEWORKS_FOLDER_PATH}/RxAtomic.framework",
				"${TARGET_BUILD_DIR}/${FRAMEWORKS_FOLDER_PATH}/RxCocoa.framework",
				"${TARGET_BUILD_DIR}/${FRAMEWORKS_FOLDER_PATH}/RxSwift.framework",
			);
			runOnlyForDeploymentPostprocessing = 0;
			shellPath = /bin/sh;
			shellScript = "\"${SRCROOT}/Pods/Target Support Files/Pods-StartRxSwift/Pods-StartRxSwift-frameworks.sh\"\n";
			showEnvVarsInLog = 0;
		};
/* End PBXShellScriptBuildPhase section */

/* Begin PBXSourcesBuildPhase section */
		E54D574A21BBC163002EB891 /* Sources */ = {
			isa = PBXSourcesBuildPhase;
			buildActionMask = 2147483647;
			files = (
				E5F6EDC821BBE73E00FE6539 /* DetailViewController.swift in Sources */,
				E54D575421BBC163002EB891 /* MasterViewController.swift in Sources */,
				E54D575221BBC163002EB891 /* AppDelegate.swift in Sources */,
			);
			runOnlyForDeploymentPostprocessing = 0;
		};
/* End PBXSourcesBuildPhase section */

/* Begin PBXVariantGroup section */
		E54D575521BBC163002EB891 /* Main.storyboard */ = {
			isa = PBXVariantGroup;
			children = (
				E54D575621BBC163002EB891 /* Base */,
			);
			name = Main.storyboard;
			sourceTree = "<group>";
		};
		E54D575A21BBC165002EB891 /* LaunchScreen.storyboard */ = {
			isa = PBXVariantGroup;
			children = (
				E54D575B21BBC165002EB891 /* Base */,
			);
			name = LaunchScreen.storyboard;
			sourceTree = "<group>";
		};
/* End PBXVariantGroup section */

/* Begin XCBuildConfiguration section */
		E54D575E21BBC165002EB891 /* Debug */ = {
			isa = XCBuildConfiguration;
			buildSettings = {
				ALWAYS_SEARCH_USER_PATHS = NO;
				CLANG_ANALYZER_NONNULL = YES;
				CLANG_ANALYZER_NUMBER_OBJECT_CONVERSION = YES_AGGRESSIVE;
				CLANG_CXX_LANGUAGE_STANDARD = "gnu++14";
				CLANG_CXX_LIBRARY = "libc++";
				CLANG_ENABLE_MODULES = YES;
				CLANG_ENABLE_OBJC_ARC = YES;
				CLANG_ENABLE_OBJC_WEAK = YES;
				CLANG_WARN_BLOCK_CAPTURE_AUTORELEASING = YES;
				CLANG_WARN_BOOL_CONVERSION = YES;
				CLANG_WARN_COMMA = YES;
				CLANG_WARN_CONSTANT_CONVERSION = YES;
				CLANG_WARN_DEPRECATED_OBJC_IMPLEMENTATIONS = YES;
				CLANG_WARN_DIRECT_OBJC_ISA_USAGE = YES_ERROR;
				CLANG_WARN_DOCUMENTATION_COMMENTS = YES;
				CLANG_WARN_EMPTY_BODY = YES;
				CLANG_WARN_ENUM_CONVERSION = YES;
				CLANG_WARN_INFINITE_RECURSION = YES;
				CLANG_WARN_INT_CONVERSION = YES;
				CLANG_WARN_NON_LITERAL_NULL_CONVERSION = YES;
				CLANG_WARN_OBJC_IMPLICIT_RETAIN_SELF = YES;
				CLANG_WARN_OBJC_LITERAL_CONVERSION = YES;
				CLANG_WARN_OBJC_ROOT_CLASS = YES_ERROR;
				CLANG_WARN_RANGE_LOOP_ANALYSIS = YES;
				CLANG_WARN_STRICT_PROTOTYPES = YES;
				CLANG_WARN_SUSPICIOUS_MOVE = YES;
				CLANG_WARN_UNGUARDED_AVAILABILITY = YES_AGGRESSIVE;
				CLANG_WARN_UNREACHABLE_CODE = YES;
				CLANG_WARN__DUPLICATE_METHOD_MATCH = YES;
				CODE_SIGN_IDENTITY = "iPhone Developer";
				COPY_PHASE_STRIP = NO;
				DEBUG_INFORMATION_FORMAT = dwarf;
				ENABLE_STRICT_OBJC_MSGSEND = YES;
				ENABLE_TESTABILITY = YES;
				GCC_C_LANGUAGE_STANDARD = gnu11;
				GCC_DYNAMIC_NO_PIC = NO;
				GCC_NO_COMMON_BLOCKS = YES;
				GCC_OPTIMIZATION_LEVEL = 0;
				GCC_PREPROCESSOR_DEFINITIONS = (
					"DEBUG=1",
					"$(inherited)",
				);
				GCC_WARN_64_TO_32_BIT_CONVERSION = YES;
				GCC_WARN_ABOUT_RETURN_TYPE = YES_ERROR;
				GCC_WARN_UNDECLARED_SELECTOR = YES;
				GCC_WARN_UNINITIALIZED_AUTOS = YES_AGGRESSIVE;
				GCC_WARN_UNUSED_FUNCTION = YES;
				GCC_WARN_UNUSED_VARIABLE = YES;
				IPHONEOS_DEPLOYMENT_TARGET = 12.1;
				MTL_ENABLE_DEBUG_INFO = INCLUDE_SOURCE;
				MTL_FAST_MATH = YES;
				ONLY_ACTIVE_ARCH = YES;
				SDKROOT = iphoneos;
				SWIFT_ACTIVE_COMPILATION_CONDITIONS = DEBUG;
				SWIFT_OPTIMIZATION_LEVEL = "-Onone";
			};
			name = Debug;
		};
		E54D575F21BBC165002EB891 /* Release */ = {
			isa = XCBuildConfiguration;
			buildSettings = {
				ALWAYS_SEARCH_USER_PATHS = NO;
				CLANG_ANALYZER_NONNULL = YES;
				CLANG_ANALYZER_NUMBER_OBJECT_CONVERSION = YES_AGGRESSIVE;
				CLANG_CXX_LANGUAGE_STANDARD = "gnu++14";
				CLANG_CXX_LIBRARY = "libc++";
				CLANG_ENABLE_MODULES = YES;
				CLANG_ENABLE_OBJC_ARC = YES;
				CLANG_ENABLE_OBJC_WEAK = YES;
				CLANG_WARN_BLOCK_CAPTURE_AUTORELEASING = YES;
				CLANG_WARN_BOOL_CONVERSION = YES;
				CLANG_WARN_COMMA = YES;
				CLANG_WARN_CONSTANT_CONVERSION = YES;
				CLANG_WARN_DEPRECATED_OBJC_IMPLEMENTATIONS = YES;
				CLANG_WARN_DIRECT_OBJC_ISA_USAGE = YES_ERROR;
				CLANG_WARN_DOCUMENTATION_COMMENTS = YES;
				CLANG_WARN_EMPTY_BODY = YES;
				CLANG_WARN_ENUM_CONVERSION = YES;
				CLANG_WARN_INFINITE_RECURSION = YES;
				CLANG_WARN_INT_CONVERSION = YES;
				CLANG_WARN_NON_LITERAL_NULL_CONVERSION = YES;
				CLANG_WARN_OBJC_IMPLICIT_RETAIN_SELF = YES;
				CLANG_WARN_OBJC_LITERAL_CONVERSION = YES;
				CLANG_WARN_OBJC_ROOT_CLASS = YES_ERROR;
				CLANG_WARN_RANGE_LOOP_ANALYSIS = YES;
				CLANG_WARN_STRICT_PROTOTYPES = YES;
				CLANG_WARN_SUSPICIOUS_MOVE = YES;
				CLANG_WARN_UNGUARDED_AVAILABILITY = YES_AGGRESSIVE;
				CLANG_WARN_UNREACHABLE_CODE = YES;
				CLANG_WARN__DUPLICATE_METHOD_MATCH = YES;
				CODE_SIGN_IDENTITY = "iPhone Developer";
				COPY_PHASE_STRIP = NO;
				DEBUG_INFORMATION_FORMAT = "dwarf-with-dsym";
				ENABLE_NS_ASSERTIONS = NO;
				ENABLE_STRICT_OBJC_MSGSEND = YES;
				GCC_C_LANGUAGE_STANDARD = gnu11;
				GCC_NO_COMMON_BLOCKS = YES;
				GCC_WARN_64_TO_32_BIT_CONVERSION = YES;
				GCC_WARN_ABOUT_RETURN_TYPE = YES_ERROR;
				GCC_WARN_UNDECLARED_SELECTOR = YES;
				GCC_WARN_UNINITIALIZED_AUTOS = YES_AGGRESSIVE;
				GCC_WARN_UNUSED_FUNCTION = YES;
				GCC_WARN_UNUSED_VARIABLE = YES;
				IPHONEOS_DEPLOYMENT_TARGET = 12.1;
				MTL_ENABLE_DEBUG_INFO = NO;
				MTL_FAST_MATH = YES;
				SDKROOT = iphoneos;
				SWIFT_COMPILATION_MODE = wholemodule;
				SWIFT_OPTIMIZATION_LEVEL = "-O";
				VALIDATE_PRODUCT = YES;
			};
			name = Release;
		};
		E54D576121BBC165002EB891 /* Debug */ = {
			isa = XCBuildConfiguration;
			baseConfigurationReference = 0EFE566EF2EAD7A4D02F4D80 /* Pods-StartRxSwift.debug.xcconfig */;
			buildSettings = {
				ASSETCATALOG_COMPILER_APPICON_NAME = AppIcon;
				CODE_SIGN_STYLE = Automatic;
				INFOPLIST_FILE = StartRxSwift/Info.plist;
				LD_RUNPATH_SEARCH_PATHS = (
					"$(inherited)",
					"@executable_path/Frameworks",
				);
				PRODUCT_BUNDLE_IDENTIFIER = net.kazuy.StartRxSwift;
				PRODUCT_NAME = "$(TARGET_NAME)";
				SWIFT_VERSION = 4.2;
				TARGETED_DEVICE_FAMILY = "1,2";
			};
			name = Debug;
		};
		E54D576221BBC165002EB891 /* Release */ = {
			isa = XCBuildConfiguration;
			baseConfigurationReference = E86BB70228EA177D4D935F89 /* Pods-StartRxSwift.release.xcconfig */;
			buildSettings = {
				ASSETCATALOG_COMPILER_APPICON_NAME = AppIcon;
				CODE_SIGN_STYLE = Automatic;
				INFOPLIST_FILE = StartRxSwift/Info.plist;
				LD_RUNPATH_SEARCH_PATHS = (
					"$(inherited)",
					"@executable_path/Frameworks",
				);
				PRODUCT_BUNDLE_IDENTIFIER = net.kazuy.StartRxSwift;
				PRODUCT_NAME = "$(TARGET_NAME)";
				SWIFT_VERSION = 4.2;
				TARGETED_DEVICE_FAMILY = "1,2";
			};
			name = Release;
		};
/* End XCBuildConfiguration section */

/* Begin XCConfigurationList section */
		E54D574921BBC163002EB891 /* Build configuration list for PBXProject "StartRxSwift" */ = {
			isa = XCConfigurationList;
			buildConfigurations = (
				E54D575E21BBC165002EB891 /* Debug */,
				E54D575F21BBC165002EB891 /* Release */,
			);
			defaultConfigurationIsVisible = 0;
			defaultConfigurationName = Release;
		};
		E54D576021BBC165002EB891 /* Build configuration list for PBXNativeTarget "StartRxSwift" */ = {
			isa = XCConfigurationList;
			buildConfigurations = (
				E54D576121BBC165002EB891 /* Debug */,
				E54D576221BBC165002EB891 /* Release */,
			);
			defaultConfigurationIsVisible = 0;
			defaultConfigurationName = Release;
		};
/* End XCConfigurationList section */
	};
	rootObject = E54D574621BBC163002EB891 /* Project object */;
}
